
Microsoft Visual Studio Solution File, Format Version 12.00
# Visual Studio Version 17
VisualStudioVersion = 17.9.34526.213
MinimumVisualStudioVersion = 10.0.40219.1
Project("{FAE04EC0-301F-11D3-BF4B-00C04F79EFBC}") = "OneMusic.EntityLayer", "OneMusic.EntityLayer\OneMusic.EntityLayer.csproj", "{5B76F800-C0BB-4093-8825-2307F1CCA2F1}"
EndProject
Project("{FAE04EC0-301F-11D3-BF4B-00C04F79EFBC}") = "OneMusic.DataAccessLayer", "OneMusic.DataAccessLayer\OneMusic.DataAccessLayer.csproj", "{B99BB219-561F-4495-90D5-474E54379069}"
EndProject
Project("{FAE04EC0-301F-11D3-BF4B-00C04F79EFBC}") = "OneMusic.BusinessLayer", "OneMusic.BusinessLayer\OneMusic.BusinessLayer.csproj", "{0F3CF1F3-2FFF-4783-BB9F-D08741627217}"
EndProject
Project("{FAE04EC0-301F-11D3-BF4B-00C04F79EFBC}") = "OneMusic.WebUI", "OneMusic.WebUI\OneMusic.WebUI.csproj", "{2A91159D-E08A-46A1-9D0E-62A3909B72F6}"
EndProject
Global
	GlobalSection(SolutionConfigurationPlatforms) = preSolution
		Debug|Any CPU = Debug|Any CPU
		Release|Any CPU = Release|Any CPU
	EndGlobalSection
	GlobalSection(ProjectConfigurationPlatforms) = postSolution
		{5B76F800-C0BB-4093-8825-2307F1CCA2F1}.Debug|Any CPU.ActiveCfg = Debug|Any CPU
		{5B76F800-C0BB-4093-8825-2307F1CCA2F1}.Debug|Any CPU.Build.0 = Debug|Any CPU
		{5B76F800-C0BB-4093-8825-2307F1CCA2F1}.Release|Any CPU.ActiveCfg = Release|Any CPU
		{5B76F800-C0BB-4093-8825-2307F1CCA2F1}.Release|Any CPU.Build.0 = Release|Any CPU
		{B99BB219-561F-4495-90D5-474E54379069}.Debug|Any CPU.ActiveCfg = Debug|Any CPU
		{B99BB219-561F-4495-90D5-474E54379069}.Debug|Any CPU.Build.0 = Debug|Any CPU
		{B99BB219-561F-4495-90D5-474E54379069}.Release|Any CPU.ActiveCfg = Release|Any CPU
		{B99BB219-561F-4495-90D5-474E54379069}.Release|Any CPU.Build.0 = Release|Any CPU
		{0F3CF1F3-2FFF-4783-BB9F-D08741627217}.Debug|Any CPU.ActiveCfg = Debug|Any CPU
		{0F3CF1F3-2FFF-4783-BB9F-D08741627217}.Debug|Any CPU.Build.0 = Debug|Any CPU
		{0F3CF1F3-2FFF-4783-BB9F-D08741627217}.Release|Any CPU.ActiveCfg = Release|Any CPU
		{0F3CF1F3-2FFF-4783-BB9F-D08741627217}.Release|Any CPU.Build.0 = Release|Any CPU
		{2A91159D-E08A-46A1-9D0E-62A3909B72F6}.Debug|Any CPU.ActiveCfg = Debug|Any CPU
		{2A91159D-E08A-46A1-9D0E-62A3909B72F6}.Debug|Any CPU.Build.0 = Debug|Any CPU
		{2A91159D-E08A-46A1-9D0E-62A3909B72F6}.Release|Any CPU.ActiveCfg = Release|Any CPU
		{2A91159D-E08A-46A1-9D0E-62A3909B72F6}.Release|Any CPU.Build.0 = Release|Any CPU
	EndGlobalSection
	GlobalSection(SolutionProperties) = preSolution
		HideSolutionNode = FALSE
	EndGlobalSection
	GlobalSection(ExtensibilityGlobals) = postSolution
		SolutionGuid = {5F507961-D9F0-471B-AEE0-FDEECE7AFBA5}
	EndGlobalSection
EndGlobal
